<Solution>
  <Folder Name="/src/" />
  <Folder Name="/src/pages/" />
  <Folder Name="/src/pages/TracePointApi/">
    <Project Path="src/pages/TracePointApi/TracePointApi/TracePointApi.csproj" />
  </Folder>
  <Project Path="tracepoint_investigations.client/tracepoint_investigations.client.esproj">
    <Build />
    <Deploy />
  </Project>
  <Project Path="TracePoint_Investigations.Server/TracePoint_Investigations.Server.csproj" />
</Solution>
